
Microsoft Visual Studio Solution File, Format Version 12.00
# Visual Studio 15
VisualStudioVersion = 15.0.28307.757
MinimumVisualStudioVersion = 10.0.40219.1
Project("{FAE04EC0-301F-11D3-BF4B-00C04F79EFBC}") = "Chat", "Chat\Chat.csproj", "{5E0CC84F-AB0C-4D49-B23A-8159044CE635}"
EndProject
Project("{FAE04EC0-301F-11D3-BF4B-00C04F79EFBC}") = "Server", "Server\Server.csproj", "{498C8341-28D8-4605-AA3A-42EAC58BD41C}"
EndProject
Global
	GlobalSection(SolutionConfigurationPlatforms) = preSolution
		Debug|Any CPU = Debug|Any CPU
		Release|Any CPU = Release|Any CPU
	EndGlobalSection
	GlobalSection(ProjectConfigurationPlatforms) = postSolution
		{5E0CC84F-AB0C-4D49-B23A-8159044CE635}.Debug|Any CPU.ActiveCfg = Debug|Any CPU
		{5E0CC84F-AB0C-4D49-B23A-8159044CE635}.Debug|Any CPU.Build.0 = Debug|Any CPU
		{5E0CC84F-AB0C-4D49-B23A-8159044CE635}.Release|Any CPU.ActiveCfg = Release|Any CPU
		{5E0CC84F-AB0C-4D49-B23A-8159044CE635}.Release|Any CPU.Build.0 = Release|Any CPU
		{498C8341-28D8-4605-AA3A-42EAC58BD41C}.Debug|Any CPU.ActiveCfg = Debug|Any CPU
		{498C8341-28D8-4605-AA3A-42EAC58BD41C}.Debug|Any CPU.Build.0 = Debug|Any CPU
		{498C8341-28D8-4605-AA3A-42EAC58BD41C}.Release|Any CPU.ActiveCfg = Release|Any CPU
		{498C8341-28D8-4605-AA3A-42EAC58BD41C}.Release|Any CPU.Build.0 = Release|Any CPU
	EndGlobalSection
	GlobalSection(SolutionProperties) = preSolution
		HideSolutionNode = FALSE
	EndGlobalSection
	GlobalSection(ExtensibilityGlobals) = postSolution
		SolutionGuid = {6C6B0BB8-AA7F-4863-9AE5-F99978F79412}
	EndGlobalSection
EndGlobal
